# This file is autogenerated, do not edit; changes may be undone by the next 'dep ensure'.


[[projects]]
  branch = "master"
  name = "github.com/achiku/soapc"
  packages = ["."]
  revision = "cfbdfe6e4caffe57a9cba89996e8b1cedb512be0"

[[projects]]
  name = "github.com/aws/aws-lambda-go"
  packages = [
    "lambda",
    "lambda/messages",
    "lambdacontext"
  ]
  revision = "6e2e37798efbb1dfd8e9c6681702e683a6046517"
  version = "v1.0.1"

[[projects]]
  name = "github.com/pkg/errors"
  packages = ["."]
  revision = "645ef00459ed84a119197bfb8d8205042c6df63d"
  version = "v0.8.0"

[solve-meta]
  analyzer-name = "dep"
  analyzer-version = 1
  inputs-digest = "988293d5f80d7ce7bda28ffa0951fe0f34af5252496197a26f5e203701fb82e2"
  solver-name = "gps-cdcl"
  solver-version = 1
